
Microsoft Visual Studio Solution File, Format Version 12.00
# Visual Studio Version 17
VisualStudioVersion = 17.0.31919.166
MinimumVisualStudioVersion = 10.0.40219.1
Project("{FAE04EC0-301F-11D3-BF4B-00C04F79EFBC}") = "Call Method execute function", "Call Method execute function\Call Method execute function.csproj", "{7EF72339-FC89-43C3-A136-8F9F94F8729C}"
EndProject
Global
	GlobalSection(SolutionConfigurationPlatforms) = preSolution
		Debug|Any CPU = Debug|Any CPU
		Release|Any CPU = Release|Any CPU
	EndGlobalSection
	GlobalSection(ProjectConfigurationPlatforms) = postSolution
		{7EF72339-FC89-43C3-A136-8F9F94F8729C}.Debug|Any CPU.ActiveCfg = Debug|Any CPU
		{7EF72339-FC89-43C3-A136-8F9F94F8729C}.Debug|Any CPU.Build.0 = Debug|Any CPU
		{7EF72339-FC89-43C3-A136-8F9F94F8729C}.Release|Any CPU.ActiveCfg = Release|Any CPU
		{7EF72339-FC89-43C3-A136-8F9F94F8729C}.Release|Any CPU.Build.0 = Release|Any CPU
	EndGlobalSection
	GlobalSection(SolutionProperties) = preSolution
		HideSolutionNode = FALSE
	EndGlobalSection
	GlobalSection(ExtensibilityGlobals) = postSolution
		SolutionGuid = {366FA848-8C3A-42AD-B532-8C2E9216FFAF}
	EndGlobalSection
EndGlobal
